// !$*UTF8*$!
{
	archiveVersion = 1;
	classes = {
	};
	objectVersion = 77;
	objects = {

/* Begin PBXBuildFile section */
		FF0D2EE62EA7E7D10060384A /* StoreKit.framework in Frameworks */ = {isa = PBXBuildFile; fileRef = FF0D2EE52EA7E7D10060384A /* StoreKit.framework */; };
		FF0D2EE82EA7E9430060384A /* StoreConfig.storekit in Resources */ = {isa = PBXBuildFile; fileRef = FF0D2EE72EA7E9430060384A /* StoreConfig.storekit */; };
		FF2305082E7C58E5000F382D /* MainViewMarquee.swift in Sources */ = {isa = PBXBuildFile; fileRef = FF2305072E7C58E5000F382D /* MainViewMarquee.swift */; };
		FF23050A2E7C8AD8000F382D /* ProcessedPhotos.swift in Sources */ = {isa = PBXBuildFile; fileRef = FF2305092E7C8AC7000F382D /* ProcessedPhotos.swift */; };
		FF23050C2E7CB71D000F382D /* ContentModel.swift in Sources */ = {isa = PBXBuildFile; fileRef = FF23050B2E7CB716000F382D /* ContentModel.swift */; };
		FF36CD842E8731CE005BB5CA /* DecisionMenuView.swift in Sources */ = {isa = PBXBuildFile; fileRef = FF36CD832E8731CE005BB5CA /* DecisionMenuView.swift */; };
		FF4E7C192E78903B00ABF2B4 /* PhotoAnalysisCloudCache.swift in Sources */ = {isa = PBXBuildFile; fileRef = FF4E7C182E78903B00ABF2B4 /* PhotoAnalysisCloudCache.swift */; };
		FF4E7C1E2E78A07F00ABF2B4 /* PicPerfectOrientationClassifier.mlmodel in Sources */ = {isa = PBXBuildFile; fileRef = FF4E7C1D2E78A07F00ABF2B4 /* PicPerfectOrientationClassifier.mlmodel */; };
		FF6739DC2E6B82C600C7C95A /* Extensions.swift in Sources */ = {isa = PBXBuildFile; fileRef = FF6739DB2E6B82C000C7C95A /* Extensions.swift */; };
		FF68ACE82E8AD670005A09B4 /* DecisionCard.swift in Sources */ = {isa = PBXBuildFile; fileRef = FF68ACE72E8AD670005A09B4 /* DecisionCard.swift */; };
		FF6D11902E98326F007EB53A /* ConfirmationAction.swift in Sources */ = {isa = PBXBuildFile; fileRef = FF6D118F2E983264007EB53A /* ConfirmationAction.swift */; };
		FF6D11932E983811007EB53A /* ConfirmationView.swift in Sources */ = {isa = PBXBuildFile; fileRef = FF6D11922E983811007EB53A /* ConfirmationView.swift */; };
		FF6F45432E94213C000FAF9A /* RootView.swift in Sources */ = {isa = PBXBuildFile; fileRef = FF6F45422E94213C000FAF9A /* RootView.swift */; };
		FF6F45452E942158000FAF9A /* HomeView.swift in Sources */ = {isa = PBXBuildFile; fileRef = FF6F45442E942158000FAF9A /* HomeView.swift */; };
		FF6F45472E942C8A000FAF9A /* CategoryView.swift in Sources */ = {isa = PBXBuildFile; fileRef = FF6F45462E942C8A000FAF9A /* CategoryView.swift */; };
		FF6F45492E942D2B000FAF9A /* PhotoGroup.swift in Sources */ = {isa = PBXBuildFile; fileRef = FF6F45482E942D23000FAF9A /* PhotoGroup.swift */; };
		FF6F454B2E94311A000FAF9A /* CategoryCard.swift in Sources */ = {isa = PBXBuildFile; fileRef = FF6F454A2E94311A000FAF9A /* CategoryCard.swift */; };
		FF6F454D2E9446A1000FAF9A /* CategorySplitView.swift in Sources */ = {isa = PBXBuildFile; fileRef = FF6F454C2E9446A1000FAF9A /* CategorySplitView.swift */; };
		FF75659E2E9E8D5A00260549 /* CleanupSessionRecord.swift in Sources */ = {isa = PBXBuildFile; fileRef = FF75659D2E9E8D4700260549 /* CleanupSessionRecord.swift */; };
		FF7565A02E9E8DC800260549 /* CleanupHistoryCloudStore.swift in Sources */ = {isa = PBXBuildFile; fileRef = FF75659F2E9E8DBA00260549 /* CleanupHistoryCloudStore.swift */; };
		FF7565A32E9E921800260549 /* CleanupSummaryView.swift in Sources */ = {isa = PBXBuildFile; fileRef = FF7565A22E9E920200260549 /* CleanupSummaryView.swift */; };
		FF7565A52E9E969500260549 /* CleanupHistoryView.swift in Sources */ = {isa = PBXBuildFile; fileRef = FF7565A42E9E969500260549 /* CleanupHistoryView.swift */; };
		FF879D2B2E7AFFEB00BE8CED /* AppleIntelligence.swift in Sources */ = {isa = PBXBuildFile; fileRef = FF879D2A2E7AFFE200BE8CED /* AppleIntelligence.swift */; };
		FFAE17D02E99876B00A83547 /* TypeAlias.swift in Sources */ = {isa = PBXBuildFile; fileRef = FFAE17CF2E99875A00A83547 /* TypeAlias.swift */; };
		FFAE99D62E96B8D90073F70C /* PhotoGroupManager.swift in Sources */ = {isa = PBXBuildFile; fileRef = FFAE99D52E96B8D10073F70C /* PhotoGroupManager.swift */; };
		FFAF02972E83280400CBF98B /* Enums.swift in Sources */ = {isa = PBXBuildFile; fileRef = FFAF02962E83280100CBF98B /* Enums.swift */; };
		FFD22CEB2E510C0B00071915 /* PicPerfectApp.swift in Sources */ = {isa = PBXBuildFile; fileRef = FFD22CE82E510C0B00071915 /* PicPerfectApp.swift */; };
		FFD22CEC2E510C0B00071915 /* Assets.xcassets in Resources */ = {isa = PBXBuildFile; fileRef = FFD22CE62E510C0B00071915 /* Assets.xcassets */; };
		FFD22CEF2E510C3000071915 /* PicPerfectTheme.swift in Sources */ = {isa = PBXBuildFile; fileRef = FFD22CEE2E510C3000071915 /* PicPerfectTheme.swift */; };
		FFD22CF52E511FA100071915 /* Localizable.xcstrings in Resources */ = {isa = PBXBuildFile; fileRef = FFD22CF42E511FA100071915 /* Localizable.xcstrings */; };
		FFD22CF82E51280900071915 /* OrientationService.swift in Sources */ = {isa = PBXBuildFile; fileRef = FFD22CF72E5127FB00071915 /* OrientationService.swift */; };
		FFD22CFA2E51293400071915 /* CorrectedPhoto.swift in Sources */ = {isa = PBXBuildFile; fileRef = FFD22CF92E51293400071915 /* CorrectedPhoto.swift */; };
		FFD355092E6F474800BEB236 /* PhotoLibraryScanner.swift in Sources */ = {isa = PBXBuildFile; fileRef = FFD355082E6F473A00BEB236 /* PhotoLibraryScanner.swift */; };
		FFD3550B2E6F4D3800BEB236 /* ScanLibraryView.swift in Sources */ = {isa = PBXBuildFile; fileRef = FFD3550A2E6F4D3800BEB236 /* ScanLibraryView.swift */; };
		FFD3550D2E6F4D7100BEB236 /* ReviewMisalignedPhotos.swift in Sources */ = {isa = PBXBuildFile; fileRef = FFD3550C2E6F4D7100BEB236 /* ReviewMisalignedPhotos.swift */; };
		FFD3550F2E6F4DA600BEB236 /* FinalSaveView.swift in Sources */ = {isa = PBXBuildFile; fileRef = FFD3550E2E6F4DA600BEB236 /* FinalSaveView.swift */; };
		FFD355122E6F61C900BEB236 /* Service.swift in Sources */ = {isa = PBXBuildFile; fileRef = FFD355112E6F61C500BEB236 /* Service.swift */; };
		FFDDD34A2E81EB7300ACD669 /* DuplicateService.swift in Sources */ = {isa = PBXBuildFile; fileRef = FFDDD3492E81EB7300ACD669 /* DuplicateService.swift */; };
		FFDFDA632E8460D800367F43 /* SwipeDecisionView.swift in Sources */ = {isa = PBXBuildFile; fileRef = FFDFDA622E8460D800367F43 /* SwipeDecisionView.swift */; };
		FFE0D8542E8EF2FA00CBA5A6 /* ImageInfo.swift in Sources */ = {isa = PBXBuildFile; fileRef = FFE0D8532E8EF2F200CBA5A6 /* ImageInfo.swift */; };
		FFE0D8562E8F08C500CBA5A6 /* PhotoSummary.swift in Sources */ = {isa = PBXBuildFile; fileRef = FFE0D8552E8F08BD00CBA5A6 /* PhotoSummary.swift */; };
		FFE0D8582E8F0F9600CBA5A6 /* ScreenShotService.swift in Sources */ = {isa = PBXBuildFile; fileRef = FFE0D8572E8F0F8D00CBA5A6 /* ScreenShotService.swift */; };
		FFE2F7392EA6B410003ACCE6 /* PersistenceService.swift in Sources */ = {isa = PBXBuildFile; fileRef = FFE2F7382EA6B404003ACCE6 /* PersistenceService.swift */; };
		FFE3F7AD2E90214000A1F3D2 /* BlurryPhotosService.swift in Sources */ = {isa = PBXBuildFile; fileRef = FFE3F7AC2E90212E00A1F3D2 /* BlurryPhotosService.swift */; };
		FFE3F7AF2E903A2200A1F3D2 /* ExposureService.swift in Sources */ = {isa = PBXBuildFile; fileRef = FFE3F7AE2E903A2200A1F3D2 /* ExposureService.swift */; };
		FFE3F7B12E9042B400A1F3D2 /* FaceQualityService.swift in Sources */ = {isa = PBXBuildFile; fileRef = FFE3F7B02E9042B400A1F3D2 /* FaceQualityService.swift */; };
		FFED1D1B2E8DB96600CB9E89 /* DecisionRecord.swift in Sources */ = {isa = PBXBuildFile; fileRef = FFED1D1A2E8DB95F00CB9E89 /* DecisionRecord.swift */; };
		FFEE33912EA00B4100346333 /* MenuView.swift in Sources */ = {isa = PBXBuildFile; fileRef = FFEE33902EA00B4000346333 /* MenuView.swift */; };
		FFEE33932EA0395600346333 /* DismissButton.swift in Sources */ = {isa = PBXBuildFile; fileRef = FFEE33922EA0395600346333 /* DismissButton.swift */; };
		FFF6F3072EA2DD3B00FAC614 /* SelectedSubgroupThumbnails.swift in Sources */ = {isa = PBXBuildFile; fileRef = FFF6F3062EA2DD3B00FAC614 /* SelectedSubgroupThumbnails.swift */; };
		FFFB6FFF2E9547E800D56BA3 /* DeviceHelper.swift in Sources */ = {isa = PBXBuildFile; fileRef = FFFB6FFE2E9547E200D56BA3 /* DeviceHelper.swift */; };
/* End PBXBuildFile section */

/* Begin PBXFileReference section */
		FF0D2EE52EA7E7D10060384A /* StoreKit.framework */ = {isa = PBXFileReference; lastKnownFileType = wrapper.framework; name = StoreKit.framework; path = System/Library/Frameworks/StoreKit.framework; sourceTree = SDKROOT; };
		FF0D2EE72EA7E9430060384A /* StoreConfig.storekit */ = {isa = PBXFileReference; lastKnownFileType = text; path = StoreConfig.storekit; sourceTree = "<group>"; };
		FF2305072E7C58E5000F382D /* MainViewMarquee.swift */ = {isa = PBXFileReference; lastKnownFileType = sourcecode.swift; path = MainViewMarquee.swift; sourceTree = "<group>"; };
		FF2305092E7C8AC7000F382D /* ProcessedPhotos.swift */ = {isa = PBXFileReference; lastKnownFileType = sourcecode.swift; path = ProcessedPhotos.swift; sourceTree = "<group>"; };
		FF23050B2E7CB716000F382D /* ContentModel.swift */ = {isa = PBXFileReference; lastKnownFileType = sourcecode.swift; path = ContentModel.swift; sourceTree = "<group>"; };
		FF36CD832E8731CE005BB5CA /* DecisionMenuView.swift */ = {isa = PBXFileReference; lastKnownFileType = sourcecode.swift; path = DecisionMenuView.swift; sourceTree = "<group>"; };
		FF4E7C182E78903B00ABF2B4 /* PhotoAnalysisCloudCache.swift */ = {isa = PBXFileReference; lastKnownFileType = sourcecode.swift; path = PhotoAnalysisCloudCache.swift; sourceTree = "<group>"; };
		FF4E7C1A2E789B6A00ABF2B4 /* PicPerfect.entitlements */ = {isa = PBXFileReference; lastKnownFileType = text.plist.entitlements; path = PicPerfect.entitlements; sourceTree = "<group>"; };
		FF4E7C1D2E78A07F00ABF2B4 /* PicPerfectOrientationClassifier.mlmodel */ = {isa = PBXFileReference; lastKnownFileType = file.mlmodel; path = PicPerfectOrientationClassifier.mlmodel; sourceTree = "<group>"; };
		FF6739DB2E6B82C000C7C95A /* Extensions.swift */ = {isa = PBXFileReference; lastKnownFileType = sourcecode.swift; path = Extensions.swift; sourceTree = "<group>"; };
		FF68ACE72E8AD670005A09B4 /* DecisionCard.swift */ = {isa = PBXFileReference; lastKnownFileType = sourcecode.swift; path = DecisionCard.swift; sourceTree = "<group>"; };
		FF6D118F2E983264007EB53A /* ConfirmationAction.swift */ = {isa = PBXFileReference; lastKnownFileType = sourcecode.swift; path = ConfirmationAction.swift; sourceTree = "<group>"; };
		FF6D11922E983811007EB53A /* ConfirmationView.swift */ = {isa = PBXFileReference; lastKnownFileType = sourcecode.swift; path = ConfirmationView.swift; sourceTree = "<group>"; };
		FF6F45422E94213C000FAF9A /* RootView.swift */ = {isa = PBXFileReference; lastKnownFileType = sourcecode.swift; path = RootView.swift; sourceTree = "<group>"; };
		FF6F45442E942158000FAF9A /* HomeView.swift */ = {isa = PBXFileReference; lastKnownFileType = sourcecode.swift; path = HomeView.swift; sourceTree = "<group>"; };
		FF6F45462E942C8A000FAF9A /* CategoryView.swift */ = {isa = PBXFileReference; lastKnownFileType = sourcecode.swift; path = CategoryView.swift; sourceTree = "<group>"; };
		FF6F45482E942D23000FAF9A /* PhotoGroup.swift */ = {isa = PBXFileReference; lastKnownFileType = sourcecode.swift; path = PhotoGroup.swift; sourceTree = "<group>"; };
		FF6F454A2E94311A000FAF9A /* CategoryCard.swift */ = {isa = PBXFileReference; lastKnownFileType = sourcecode.swift; path = CategoryCard.swift; sourceTree = "<group>"; };
		FF6F454C2E9446A1000FAF9A /* CategorySplitView.swift */ = {isa = PBXFileReference; lastKnownFileType = sourcecode.swift; path = CategorySplitView.swift; sourceTree = "<group>"; };
		FF75659D2E9E8D4700260549 /* CleanupSessionRecord.swift */ = {isa = PBXFileReference; lastKnownFileType = sourcecode.swift; path = CleanupSessionRecord.swift; sourceTree = "<group>"; };
		FF75659F2E9E8DBA00260549 /* CleanupHistoryCloudStore.swift */ = {isa = PBXFileReference; lastKnownFileType = sourcecode.swift; path = CleanupHistoryCloudStore.swift; sourceTree = "<group>"; };
		FF7565A22E9E920200260549 /* CleanupSummaryView.swift */ = {isa = PBXFileReference; lastKnownFileType = sourcecode.swift; path = CleanupSummaryView.swift; sourceTree = "<group>"; };
		FF7565A42E9E969500260549 /* CleanupHistoryView.swift */ = {isa = PBXFileReference; lastKnownFileType = sourcecode.swift; path = CleanupHistoryView.swift; sourceTree = "<group>"; };
		FF879D2A2E7AFFE200BE8CED /* AppleIntelligence.swift */ = {isa = PBXFileReference; lastKnownFileType = sourcecode.swift; path = AppleIntelligence.swift; sourceTree = "<group>"; };
		FFAE17CF2E99875A00A83547 /* TypeAlias.swift */ = {isa = PBXFileReference; lastKnownFileType = sourcecode.swift; path = TypeAlias.swift; sourceTree = "<group>"; };
		FFAE99D52E96B8D10073F70C /* PhotoGroupManager.swift */ = {isa = PBXFileReference; lastKnownFileType = sourcecode.swift; path = PhotoGroupManager.swift; sourceTree = "<group>"; };
		FFAF02962E83280100CBF98B /* Enums.swift */ = {isa = PBXFileReference; lastKnownFileType = sourcecode.swift; path = Enums.swift; sourceTree = "<group>"; };
		FFD22CD82E51072300071915 /* PicPerfect.app */ = {isa = PBXFileReference; explicitFileType = wrapper.application; includeInIndex = 0; path = PicPerfect.app; sourceTree = BUILT_PRODUCTS_DIR; };
		FFD22CE62E510C0B00071915 /* Assets.xcassets */ = {isa = PBXFileReference; lastKnownFileType = folder.assetcatalog; path = Assets.xcassets; sourceTree = "<group>"; };
		FFD22CE82E510C0B00071915 /* PicPerfectApp.swift */ = {isa = PBXFileReference; lastKnownFileType = sourcecode.swift; path = PicPerfectApp.swift; sourceTree = "<group>"; };
		FFD22CEE2E510C3000071915 /* PicPerfectTheme.swift */ = {isa = PBXFileReference; lastKnownFileType = sourcecode.swift; path = PicPerfectTheme.swift; sourceTree = "<group>"; };
		FFD22CF42E511FA100071915 /* Localizable.xcstrings */ = {isa = PBXFileReference; lastKnownFileType = text.json.xcstrings; path = Localizable.xcstrings; sourceTree = "<group>"; };
		FFD22CF72E5127FB00071915 /* OrientationService.swift */ = {isa = PBXFileReference; lastKnownFileType = sourcecode.swift; path = OrientationService.swift; sourceTree = "<group>"; };
		FFD22CF92E51293400071915 /* CorrectedPhoto.swift */ = {isa = PBXFileReference; lastKnownFileType = sourcecode.swift; path = CorrectedPhoto.swift; sourceTree = "<group>"; };
		FFD355082E6F473A00BEB236 /* PhotoLibraryScanner.swift */ = {isa = PBXFileReference; lastKnownFileType = sourcecode.swift; path = PhotoLibraryScanner.swift; sourceTree = "<group>"; };
		FFD3550A2E6F4D3800BEB236 /* ScanLibraryView.swift */ = {isa = PBXFileReference; lastKnownFileType = sourcecode.swift; path = ScanLibraryView.swift; sourceTree = "<group>"; };
		FFD3550C2E6F4D7100BEB236 /* ReviewMisalignedPhotos.swift */ = {isa = PBXFileReference; lastKnownFileType = sourcecode.swift; path = ReviewMisalignedPhotos.swift; sourceTree = "<group>"; };
		FFD3550E2E6F4DA600BEB236 /* FinalSaveView.swift */ = {isa = PBXFileReference; lastKnownFileType = sourcecode.swift; path = FinalSaveView.swift; sourceTree = "<group>"; };
		FFD355112E6F61C500BEB236 /* Service.swift */ = {isa = PBXFileReference; lastKnownFileType = sourcecode.swift; path = Service.swift; sourceTree = "<group>"; };
		FFDDD3492E81EB7300ACD669 /* DuplicateService.swift */ = {isa = PBXFileReference; lastKnownFileType = sourcecode.swift; path = DuplicateService.swift; sourceTree = "<group>"; };
		FFDFDA622E8460D800367F43 /* SwipeDecisionView.swift */ = {isa = PBXFileReference; lastKnownFileType = sourcecode.swift; path = SwipeDecisionView.swift; sourceTree = "<group>"; };
		FFE0D8532E8EF2F200CBA5A6 /* ImageInfo.swift */ = {isa = PBXFileReference; lastKnownFileType = sourcecode.swift; path = ImageInfo.swift; sourceTree = "<group>"; };
		FFE0D8552E8F08BD00CBA5A6 /* PhotoSummary.swift */ = {isa = PBXFileReference; lastKnownFileType = sourcecode.swift; path = PhotoSummary.swift; sourceTree = "<group>"; };
		FFE0D8572E8F0F8D00CBA5A6 /* ScreenShotService.swift */ = {isa = PBXFileReference; lastKnownFileType = sourcecode.swift; path = ScreenShotService.swift; sourceTree = "<group>"; };
		FFE2F7382EA6B404003ACCE6 /* PersistenceService.swift */ = {isa = PBXFileReference; lastKnownFileType = sourcecode.swift; path = PersistenceService.swift; sourceTree = "<group>"; };
		FFE3F7AC2E90212E00A1F3D2 /* BlurryPhotosService.swift */ = {isa = PBXFileReference; lastKnownFileType = sourcecode.swift; path = BlurryPhotosService.swift; sourceTree = "<group>"; };
		FFE3F7AE2E903A2200A1F3D2 /* ExposureService.swift */ = {isa = PBXFileReference; lastKnownFileType = sourcecode.swift; path = ExposureService.swift; sourceTree = "<group>"; };
		FFE3F7B02E9042B400A1F3D2 /* FaceQualityService.swift */ = {isa = PBXFileReference; lastKnownFileType = sourcecode.swift; path = FaceQualityService.swift; sourceTree = "<group>"; };
		FFED1D1A2E8DB95F00CB9E89 /* DecisionRecord.swift */ = {isa = PBXFileReference; lastKnownFileType = sourcecode.swift; path = DecisionRecord.swift; sourceTree = "<group>"; };
		FFEE33902EA00B4000346333 /* MenuView.swift */ = {isa = PBXFileReference; lastKnownFileType = sourcecode.swift; path = MenuView.swift; sourceTree = "<group>"; };
		FFEE33922EA0395600346333 /* DismissButton.swift */ = {isa = PBXFileReference; lastKnownFileType = sourcecode.swift; path = DismissButton.swift; sourceTree = "<group>"; };
		FFF6F3062EA2DD3B00FAC614 /* SelectedSubgroupThumbnails.swift */ = {isa = PBXFileReference; lastKnownFileType = sourcecode.swift; path = SelectedSubgroupThumbnails.swift; sourceTree = "<group>"; };
		FFFB6FFE2E9547E200D56BA3 /* DeviceHelper.swift */ = {isa = PBXFileReference; lastKnownFileType = sourcecode.swift; path = DeviceHelper.swift; sourceTree = "<group>"; };
/* End PBXFileReference section */

/* Begin PBXFrameworksBuildPhase section */
		FFD22CD52E51072300071915 /* Frameworks */ = {
			isa = PBXFrameworksBuildPhase;
			buildActionMask = 2147483647;
			files = (
				FF0D2EE62EA7E7D10060384A /* StoreKit.framework in Frameworks */,
			);
			runOnlyForDeploymentPostprocessing = 0;
		};
/* End PBXFrameworksBuildPhase section */

/* Begin PBXGroup section */
		FF0D2EE42EA7E7D10060384A /* Frameworks */ = {
			isa = PBXGroup;
			children = (
				FF0D2EE52EA7E7D10060384A /* StoreKit.framework */,
			);
			name = Frameworks;
			sourceTree = "<group>";
		};
		FF2305042E7C5858000F382D /* ElementsViews */ = {
			isa = PBXGroup;
			children = (
				FF2305092E7C8AC7000F382D /* ProcessedPhotos.swift */,
				FF2305072E7C58E5000F382D /* MainViewMarquee.swift */,
			);
			path = ElementsViews;
			sourceTree = "<group>";
		};
		FF36CD822E873152005BB5CA /* Components */ = {
			isa = PBXGroup;
			children = (
				FF36CD832E8731CE005BB5CA /* DecisionMenuView.swift */,
				FF68ACE72E8AD670005A09B4 /* DecisionCard.swift */,
				FF6F454A2E94311A000FAF9A /* CategoryCard.swift */,
				FFEE33902EA00B4000346333 /* MenuView.swift */,
				FFEE33922EA0395600346333 /* DismissButton.swift */,
				FFF6F3062EA2DD3B00FAC614 /* SelectedSubgroupThumbnails.swift */,
			);
			path = Components;
			sourceTree = "<group>";
		};
		FF6739DD2E6B82D200C7C95A /* Helpers */ = {
			isa = PBXGroup;
			children = (
				FFAE17CF2E99875A00A83547 /* TypeAlias.swift */,
				FFFB6FFE2E9547E200D56BA3 /* DeviceHelper.swift */,
				FFAF02962E83280100CBF98B /* Enums.swift */,
				FFD22CEE2E510C3000071915 /* PicPerfectTheme.swift */,
				FF6739DB2E6B82C000C7C95A /* Extensions.swift */,
			);
			path = Helpers;
			sourceTree = "<group>";
		};
		FF6D11912E98379A007EB53A /* Confirmation views */ = {
			isa = PBXGroup;
			children = (
				FF6D11922E983811007EB53A /* ConfirmationView.swift */,
				FFD3550C2E6F4D7100BEB236 /* ReviewMisalignedPhotos.swift */,
				FFD3550E2E6F4DA600BEB236 /* FinalSaveView.swift */,
			);
			path = "Confirmation views";
			sourceTree = "<group>";
		};
		FF7565A12E9E91B600260549 /* Stats */ = {
			isa = PBXGroup;
			children = (
				FF7565A42E9E969500260549 /* CleanupHistoryView.swift */,
				FF7565A22E9E920200260549 /* CleanupSummaryView.swift */,
			);
			path = Stats;
			sourceTree = "<group>";
		};
		FFD22CCF2E51072300071915 = {
			isa = PBXGroup;
			children = (
				FFD22CE92E510C0B00071915 /* PicPerfect */,
				FF0D2EE42EA7E7D10060384A /* Frameworks */,
				FFD22CD92E51072300071915 /* Products */,
			);
			sourceTree = "<group>";
		};
		FFD22CD92E51072300071915 /* Products */ = {
			isa = PBXGroup;
			children = (
				FFD22CD82E51072300071915 /* PicPerfect.app */,
			);
			name = Products;
			sourceTree = "<group>";
		};
		FFD22CE92E510C0B00071915 /* PicPerfect */ = {
			isa = PBXGroup;
			children = (
				FF4E7C1A2E789B6A00ABF2B4 /* PicPerfect.entitlements */,
				FFD22CE82E510C0B00071915 /* PicPerfectApp.swift */,
				FFD22CF02E510C5600071915 /* Views */,
				FFE3F7B22E90634A00A1F3D2 /* ViewModels */,
				FFD22CF62E5127E200071915 /* Models */,
				FFD22CED2E510C1A00071915 /* Resources */,
				FF6739DD2E6B82D200C7C95A /* Helpers */,
				FFD22CF32E511F7C00071915 /* Services */,
				FFD22CE62E510C0B00071915 /* Assets.xcassets */,
				FF0D2EE72EA7E9430060384A /* StoreConfig.storekit */,
			);
			path = PicPerfect;
			sourceTree = "<group>";
		};
		FFD22CED2E510C1A00071915 /* Resources */ = {
			isa = PBXGroup;
			children = (
				FF4E7C1D2E78A07F00ABF2B4 /* PicPerfectOrientationClassifier.mlmodel */,
			);
			path = Resources;
			sourceTree = "<group>";
		};
		FFD22CF02E510C5600071915 /* Views */ = {
			isa = PBXGroup;
			children = (
				FF6F45422E94213C000FAF9A /* RootView.swift */,
				FF6F45442E942158000FAF9A /* HomeView.swift */,
				FFD355102E6F4DD500BEB236 /* Process photos views */,
			);
			path = Views;
			sourceTree = "<group>";
		};
		FFD22CF32E511F7C00071915 /* Services */ = {
			isa = PBXGroup;
			children = (
				FFE2F7382EA6B404003ACCE6 /* PersistenceService.swift */,
				FFD355112E6F61C500BEB236 /* Service.swift */,
				FFD355082E6F473A00BEB236 /* PhotoLibraryScanner.swift */,
				FFE3F7B02E9042B400A1F3D2 /* FaceQualityService.swift */,
				FFE3F7AE2E903A2200A1F3D2 /* ExposureService.swift */,
				FFE3F7AC2E90212E00A1F3D2 /* BlurryPhotosService.swift */,
				FFE0D8572E8F0F8D00CBA5A6 /* ScreenShotService.swift */,
				FFD22CF72E5127FB00071915 /* OrientationService.swift */,
				FFDDD3492E81EB7300ACD669 /* DuplicateService.swift */,
				FF4E7C182E78903B00ABF2B4 /* PhotoAnalysisCloudCache.swift */,
				FF75659F2E9E8DBA00260549 /* CleanupHistoryCloudStore.swift */,
				FFD22CF42E511FA100071915 /* Localizable.xcstrings */,
			);
			path = Services;
			sourceTree = "<group>";
		};
		FFD22CF62E5127E200071915 /* Models */ = {
			isa = PBXGroup;
			children = (
				FF75659D2E9E8D4700260549 /* CleanupSessionRecord.swift */,
				FF6D118F2E983264007EB53A /* ConfirmationAction.swift */,
				FF6F45482E942D23000FAF9A /* PhotoGroup.swift */,
				FFE0D8552E8F08BD00CBA5A6 /* PhotoSummary.swift */,
				FFE0D8532E8EF2F200CBA5A6 /* ImageInfo.swift */,
				FFED1D1A2E8DB95F00CB9E89 /* DecisionRecord.swift */,
				FF879D2A2E7AFFE200BE8CED /* AppleIntelligence.swift */,
				FFD22CF92E51293400071915 /* CorrectedPhoto.swift */,
			);
			path = Models;
			sourceTree = "<group>";
		};
		FFD355102E6F4DD500BEB236 /* Process photos views */ = {
			isa = PBXGroup;
			children = (
				FFD3550A2E6F4D3800BEB236 /* ScanLibraryView.swift */,
				FFDFDA612E8460BA00367F43 /* Category Views */,
				FF36CD822E873152005BB5CA /* Components */,
				FF6D11912E98379A007EB53A /* Confirmation views */,
				FF2305042E7C5858000F382D /* ElementsViews */,
				FF7565A12E9E91B600260549 /* Stats */,
			);
			path = "Process photos views";
			sourceTree = "<group>";
		};
		FFDFDA612E8460BA00367F43 /* Category Views */ = {
			isa = PBXGroup;
			children = (
				FF6F454C2E9446A1000FAF9A /* CategorySplitView.swift */,
				FFDFDA622E8460D800367F43 /* SwipeDecisionView.swift */,
				FF6F45462E942C8A000FAF9A /* CategoryView.swift */,
			);
			path = "Category Views";
			sourceTree = "<group>";
		};
		FFE3F7B22E90634A00A1F3D2 /* ViewModels */ = {
			isa = PBXGroup;
			children = (
				FFAE99D52E96B8D10073F70C /* PhotoGroupManager.swift */,
				FF23050B2E7CB716000F382D /* ContentModel.swift */,
			);
			path = ViewModels;
			sourceTree = "<group>";
		};
/* End PBXGroup section */

/* Begin PBXNativeTarget section */
		FFD22CD72E51072300071915 /* PicPerfect */ = {
			isa = PBXNativeTarget;
			buildConfigurationList = FFD22CE32E51072400071915 /* Build configuration list for PBXNativeTarget "PicPerfect" */;
			buildPhases = (
				FFD22CD42E51072300071915 /* Sources */,
				FFD22CD52E51072300071915 /* Frameworks */,
				FFD22CD62E51072300071915 /* Resources */,
			);
			buildRules = (
			);
			dependencies = (
			);
			name = PicPerfect;
			packageProductDependencies = (
			);
			productName = PicPerfect;
			productReference = FFD22CD82E51072300071915 /* PicPerfect.app */;
			productType = "com.apple.product-type.application";
		};
/* End PBXNativeTarget section */

/* Begin PBXProject section */
		FFD22CD02E51072300071915 /* Project object */ = {
			isa = PBXProject;
			attributes = {
				BuildIndependentTargetsInParallel = 1;
				LastSwiftUpdateCheck = 2600;
				LastUpgradeCheck = 2600;
				TargetAttributes = {
					FFD22CD72E51072300071915 = {
						CreatedOnToolsVersion = 26.0;
					};
				};
			};
			buildConfigurationList = FFD22CD32E51072300071915 /* Build configuration list for PBXProject "PicPerfect" */;
			developmentRegion = en;
			hasScannedForEncodings = 0;
			knownRegions = (
				en,
				Base,
				"es-US",
			);
			mainGroup = FFD22CCF2E51072300071915;
			minimizedProjectReferenceProxies = 1;
			preferredProjectObjectVersion = 77;
			productRefGroup = FFD22CD92E51072300071915 /* Products */;
			projectDirPath = "";
			projectRoot = "";
			targets = (
				FFD22CD72E51072300071915 /* PicPerfect */,
			);
		};
/* End PBXProject section */

/* Begin PBXResourcesBuildPhase section */
		FFD22CD62E51072300071915 /* Resources */ = {
			isa = PBXResourcesBuildPhase;
			buildActionMask = 2147483647;
			files = (
				FF0D2EE82EA7E9430060384A /* StoreConfig.storekit in Resources */,
				FFD22CF52E511FA100071915 /* Localizable.xcstrings in Resources */,
				FFD22CEC2E510C0B00071915 /* Assets.xcassets in Resources */,
			);
			runOnlyForDeploymentPostprocessing = 0;
		};
/* End PBXResourcesBuildPhase section */

/* Begin PBXSourcesBuildPhase section */
		FFD22CD42E51072300071915 /* Sources */ = {
			isa = PBXSourcesBuildPhase;
			buildActionMask = 2147483647;
			files = (
				FF6D11932E983811007EB53A /* ConfirmationView.swift in Sources */,
				FFD355122E6F61C900BEB236 /* Service.swift in Sources */,
				FF4E7C1E2E78A07F00ABF2B4 /* PicPerfectOrientationClassifier.mlmodel in Sources */,
				FF6F454B2E94311A000FAF9A /* CategoryCard.swift in Sources */,
				FF4E7C192E78903B00ABF2B4 /* PhotoAnalysisCloudCache.swift in Sources */,
				FF75659E2E9E8D5A00260549 /* CleanupSessionRecord.swift in Sources */,
				FF36CD842E8731CE005BB5CA /* DecisionMenuView.swift in Sources */,
				FFAF02972E83280400CBF98B /* Enums.swift in Sources */,
				FF6F45472E942C8A000FAF9A /* CategoryView.swift in Sources */,
				FFD355092E6F474800BEB236 /* PhotoLibraryScanner.swift in Sources */,
				FFE0D8542E8EF2FA00CBA5A6 /* ImageInfo.swift in Sources */,
				FF7565A52E9E969500260549 /* CleanupHistoryView.swift in Sources */,
				FF6F45432E94213C000FAF9A /* RootView.swift in Sources */,
				FF23050A2E7C8AD8000F382D /* ProcessedPhotos.swift in Sources */,
				FFE0D8582E8F0F9600CBA5A6 /* ScreenShotService.swift in Sources */,
				FFAE17D02E99876B00A83547 /* TypeAlias.swift in Sources */,
				FFFB6FFF2E9547E800D56BA3 /* DeviceHelper.swift in Sources */,
				FFED1D1B2E8DB96600CB9E89 /* DecisionRecord.swift in Sources */,
				FF7565A32E9E921800260549 /* CleanupSummaryView.swift in Sources */,
				FFAE99D62E96B8D90073F70C /* PhotoGroupManager.swift in Sources */,
				FF6D11902E98326F007EB53A /* ConfirmationAction.swift in Sources */,
				FF2305082E7C58E5000F382D /* MainViewMarquee.swift in Sources */,
				FFD3550F2E6F4DA600BEB236 /* FinalSaveView.swift in Sources */,
				FFE3F7AD2E90214000A1F3D2 /* BlurryPhotosService.swift in Sources */,
				FFE2F7392EA6B410003ACCE6 /* PersistenceService.swift in Sources */,
				FFD22CFA2E51293400071915 /* CorrectedPhoto.swift in Sources */,
				FF879D2B2E7AFFEB00BE8CED /* AppleIntelligence.swift in Sources */,
				FF6F454D2E9446A1000FAF9A /* CategorySplitView.swift in Sources */,
				FF6F45492E942D2B000FAF9A /* PhotoGroup.swift in Sources */,
				FFDDD34A2E81EB7300ACD669 /* DuplicateService.swift in Sources */,
				FFD3550D2E6F4D7100BEB236 /* ReviewMisalignedPhotos.swift in Sources */,
				FF6739DC2E6B82C600C7C95A /* Extensions.swift in Sources */,
				FFD22CEB2E510C0B00071915 /* PicPerfectApp.swift in Sources */,
				FF7565A02E9E8DC800260549 /* CleanupHistoryCloudStore.swift in Sources */,
				FF23050C2E7CB71D000F382D /* ContentModel.swift in Sources */,
				FFE3F7AF2E903A2200A1F3D2 /* ExposureService.swift in Sources */,
				FFEE33932EA0395600346333 /* DismissButton.swift in Sources */,
				FFD3550B2E6F4D3800BEB236 /* ScanLibraryView.swift in Sources */,
				FFD22CF82E51280900071915 /* OrientationService.swift in Sources */,
				FFD22CEF2E510C3000071915 /* PicPerfectTheme.swift in Sources */,
				FF6F45452E942158000FAF9A /* HomeView.swift in Sources */,
				FFEE33912EA00B4100346333 /* MenuView.swift in Sources */,
				FFE0D8562E8F08C500CBA5A6 /* PhotoSummary.swift in Sources */,
				FF68ACE82E8AD670005A09B4 /* DecisionCard.swift in Sources */,
				FFE3F7B12E9042B400A1F3D2 /* FaceQualityService.swift in Sources */,
				FFF6F3072EA2DD3B00FAC614 /* SelectedSubgroupThumbnails.swift in Sources */,
				FFDFDA632E8460D800367F43 /* SwipeDecisionView.swift in Sources */,
			);
			runOnlyForDeploymentPostprocessing = 0;
		};
/* End PBXSourcesBuildPhase section */

/* Begin XCBuildConfiguration section */
		FFD22CE12E51072400071915 /* Debug */ = {
			isa = XCBuildConfiguration;
			buildSettings = {
				ALWAYS_SEARCH_USER_PATHS = NO;
				ASSETCATALOG_COMPILER_GENERATE_SWIFT_ASSET_SYMBOL_EXTENSIONS = YES;
				CLANG_ANALYZER_NONNULL = YES;
				CLANG_ANALYZER_NUMBER_OBJECT_CONVERSION = YES_AGGRESSIVE;
				CLANG_CXX_LANGUAGE_STANDARD = "gnu++20";
				CLANG_ENABLE_MODULES = YES;
				CLANG_ENABLE_OBJC_ARC = YES;
				CLANG_ENABLE_OBJC_WEAK = YES;
				CLANG_WARN_BLOCK_CAPTURE_AUTORELEASING = YES;
				CLANG_WARN_BOOL_CONVERSION = YES;
				CLANG_WARN_COMMA = YES;
				CLANG_WARN_CONSTANT_CONVERSION = YES;
				CLANG_WARN_DEPRECATED_OBJC_IMPLEMENTATIONS = YES;
				CLANG_WARN_DIRECT_OBJC_ISA_USAGE = YES_ERROR;
				CLANG_WARN_DOCUMENTATION_COMMENTS = YES;
				CLANG_WARN_EMPTY_BODY = YES;
				CLANG_WARN_ENUM_CONVERSION = YES;
				CLANG_WARN_INFINITE_RECURSION = YES;
				CLANG_WARN_INT_CONVERSION = YES;
				CLANG_WARN_NON_LITERAL_NULL_CONVERSION = YES;
				CLANG_WARN_OBJC_IMPLICIT_RETAIN_SELF = YES;
				CLANG_WARN_OBJC_LITERAL_CONVERSION = YES;
				CLANG_WARN_OBJC_ROOT_CLASS = YES_ERROR;
				CLANG_WARN_QUOTED_INCLUDE_IN_FRAMEWORK_HEADER = YES;
				CLANG_WARN_RANGE_LOOP_ANALYSIS = YES;
				CLANG_WARN_STRICT_PROTOTYPES = YES;
				CLANG_WARN_SUSPICIOUS_MOVE = YES;
				CLANG_WARN_UNGUARDED_AVAILABILITY = YES_AGGRESSIVE;
				CLANG_WARN_UNREACHABLE_CODE = YES;
				CLANG_WARN__DUPLICATE_METHOD_MATCH = YES;
				COPY_PHASE_STRIP = NO;
				DEBUG_INFORMATION_FORMAT = dwarf;
				DEVELOPMENT_TEAM = CRM5WB54PG;
				ENABLE_STRICT_OBJC_MSGSEND = YES;
				ENABLE_TESTABILITY = YES;
				ENABLE_USER_SCRIPT_SANDBOXING = YES;
				GCC_C_LANGUAGE_STANDARD = gnu17;
				GCC_DYNAMIC_NO_PIC = NO;
				GCC_NO_COMMON_BLOCKS = YES;
				GCC_OPTIMIZATION_LEVEL = 0;
				GCC_PREPROCESSOR_DEFINITIONS = (
					"DEBUG=1",
					"$(inherited)",
				);
				GCC_WARN_64_TO_32_BIT_CONVERSION = YES;
				GCC_WARN_ABOUT_RETURN_TYPE = YES_ERROR;
				GCC_WARN_UNDECLARED_SELECTOR = YES;
				GCC_WARN_UNINITIALIZED_AUTOS = YES_AGGRESSIVE;
				GCC_WARN_UNUSED_FUNCTION = YES;
				GCC_WARN_UNUSED_VARIABLE = YES;
				LOCALIZATION_PREFERS_STRING_CATALOGS = YES;
				MTL_ENABLE_DEBUG_INFO = INCLUDE_SOURCE;
				MTL_FAST_MATH = YES;
				ONLY_ACTIVE_ARCH = YES;
				SWIFT_ACTIVE_COMPILATION_CONDITIONS = "DEBUG $(inherited)";
				SWIFT_EMIT_LOC_STRINGS = YES;
				SWIFT_OPTIMIZATION_LEVEL = "-Onone";
			};
			name = Debug;
		};
		FFD22CE22E51072400071915 /* Release */ = {
			isa = XCBuildConfiguration;
			buildSettings = {
				ALWAYS_SEARCH_USER_PATHS = NO;
				ASSETCATALOG_COMPILER_GENERATE_SWIFT_ASSET_SYMBOL_EXTENSIONS = YES;
				CLANG_ANALYZER_NONNULL = YES;
				CLANG_ANALYZER_NUMBER_OBJECT_CONVERSION = YES_AGGRESSIVE;
				CLANG_CXX_LANGUAGE_STANDARD = "gnu++20";
				CLANG_ENABLE_MODULES = YES;
				CLANG_ENABLE_OBJC_ARC = YES;
				CLANG_ENABLE_OBJC_WEAK = YES;
				CLANG_WARN_BLOCK_CAPTURE_AUTORELEASING = YES;
				CLANG_WARN_BOOL_CONVERSION = YES;
				CLANG_WARN_COMMA = YES;
				CLANG_WARN_CONSTANT_CONVERSION = YES;
				CLANG_WARN_DEPRECATED_OBJC_IMPLEMENTATIONS = YES;
				CLANG_WARN_DIRECT_OBJC_ISA_USAGE = YES_ERROR;
				CLANG_WARN_DOCUMENTATION_COMMENTS = YES;
				CLANG_WARN_EMPTY_BODY = YES;
				CLANG_WARN_ENUM_CONVERSION = YES;
				CLANG_WARN_INFINITE_RECURSION = YES;
				CLANG_WARN_INT_CONVERSION = YES;
				CLANG_WARN_NON_LITERAL_NULL_CONVERSION = YES;
				CLANG_WARN_OBJC_IMPLICIT_RETAIN_SELF = YES;
				CLANG_WARN_OBJC_LITERAL_CONVERSION = YES;
				CLANG_WARN_OBJC_ROOT_CLASS = YES_ERROR;
				CLANG_WARN_QUOTED_INCLUDE_IN_FRAMEWORK_HEADER = YES;
				CLANG_WARN_RANGE_LOOP_ANALYSIS = YES;
				CLANG_WARN_STRICT_PROTOTYPES = YES;
				CLANG_WARN_SUSPICIOUS_MOVE = YES;
				CLANG_WARN_UNGUARDED_AVAILABILITY = YES_AGGRESSIVE;
				CLANG_WARN_UNREACHABLE_CODE = YES;
				CLANG_WARN__DUPLICATE_METHOD_MATCH = YES;
				COPY_PHASE_STRIP = NO;
				DEBUG_INFORMATION_FORMAT = "dwarf-with-dsym";
				DEVELOPMENT_TEAM = CRM5WB54PG;
				ENABLE_NS_ASSERTIONS = NO;
				ENABLE_STRICT_OBJC_MSGSEND = YES;
				ENABLE_USER_SCRIPT_SANDBOXING = YES;
				GCC_C_LANGUAGE_STANDARD = gnu17;
				GCC_NO_COMMON_BLOCKS = YES;
				GCC_WARN_64_TO_32_BIT_CONVERSION = YES;
				GCC_WARN_ABOUT_RETURN_TYPE = YES_ERROR;
				GCC_WARN_UNDECLARED_SELECTOR = YES;
				GCC_WARN_UNINITIALIZED_AUTOS = YES_AGGRESSIVE;
				GCC_WARN_UNUSED_FUNCTION = YES;
				GCC_WARN_UNUSED_VARIABLE = YES;
				LOCALIZATION_PREFERS_STRING_CATALOGS = YES;
				MTL_ENABLE_DEBUG_INFO = NO;
				MTL_FAST_MATH = YES;
				SWIFT_COMPILATION_MODE = wholemodule;
				SWIFT_EMIT_LOC_STRINGS = YES;
			};
			name = Release;
		};
		FFD22CE42E51072400071915 /* Debug */ = {
			isa = XCBuildConfiguration;
			buildSettings = {
				ASSETCATALOG_COMPILER_APPICON_NAME = AppIcon;
				ASSETCATALOG_COMPILER_GLOBAL_ACCENT_COLOR_NAME = AccentColor;
				AUTOMATION_APPLE_EVENTS = NO;
				CODE_SIGN_ENTITLEMENTS = PicPerfect/PicPerfect.entitlements;
				CODE_SIGN_STYLE = Automatic;
				CURRENT_PROJECT_VERSION = 1;
				DEVELOPMENT_TEAM = CRM5WB54PG;
				ENABLE_APP_SANDBOX = YES;
				ENABLE_HARDENED_RUNTIME = YES;
				ENABLE_PREVIEWS = YES;
				ENABLE_RESOURCE_ACCESS_AUDIO_INPUT = NO;
				ENABLE_RESOURCE_ACCESS_CALENDARS = NO;
				ENABLE_RESOURCE_ACCESS_CAMERA = NO;
				ENABLE_RESOURCE_ACCESS_CONTACTS = NO;
				ENABLE_RESOURCE_ACCESS_LOCATION = NO;
				ENABLE_RESOURCE_ACCESS_PHOTO_LIBRARY = YES;
				ENABLE_USER_SELECTED_FILES = readonly;
				GENERATE_INFOPLIST_FILE = YES;
				INFOPLIST_KEY_NSPhotoLibraryAddUsageDescription = "We need permission to save corrected images to your library.";
				INFOPLIST_KEY_NSPhotoLibraryUsageDescription = "We need access to your photo library to scan and fix rotated images.";
				"INFOPLIST_KEY_UIApplicationSceneManifest_Generation[sdk=iphoneos*]" = YES;
				"INFOPLIST_KEY_UIApplicationSceneManifest_Generation[sdk=iphonesimulator*]" = YES;
				"INFOPLIST_KEY_UIApplicationSupportsIndirectInputEvents[sdk=iphoneos*]" = YES;
				"INFOPLIST_KEY_UIApplicationSupportsIndirectInputEvents[sdk=iphonesimulator*]" = YES;
				"INFOPLIST_KEY_UILaunchScreen_Generation[sdk=iphoneos*]" = YES;
				"INFOPLIST_KEY_UILaunchScreen_Generation[sdk=iphonesimulator*]" = YES;
				"INFOPLIST_KEY_UIStatusBarStyle[sdk=iphoneos*]" = UIStatusBarStyleDefault;
				"INFOPLIST_KEY_UIStatusBarStyle[sdk=iphonesimulator*]" = UIStatusBarStyleDefault;
				INFOPLIST_KEY_UISupportedInterfaceOrientations_iPad = "UIInterfaceOrientationPortrait UIInterfaceOrientationPortraitUpsideDown UIInterfaceOrientationLandscapeLeft UIInterfaceOrientationLandscapeRight";
				INFOPLIST_KEY_UISupportedInterfaceOrientations_iPhone = "UIInterfaceOrientationPortrait UIInterfaceOrientationLandscapeLeft UIInterfaceOrientationLandscapeRight";
				IPHONEOS_DEPLOYMENT_TARGET = 17.6;
				LD_RUNPATH_SEARCH_PATHS = "@executable_path/Frameworks";
				"LD_RUNPATH_SEARCH_PATHS[sdk=macosx*]" = "@executable_path/../Frameworks";
				MACOSX_DEPLOYMENT_TARGET = 15.6;
				MARKETING_VERSION = 1.0;
				PRODUCT_BUNDLE_IDENTIFIER = net.artexcomputer.PicPerfect;
				PRODUCT_NAME = "$(TARGET_NAME)";
				REGISTER_APP_GROUPS = YES;
				RUNTIME_EXCEPTION_ALLOW_DYLD_ENVIRONMENT_VARIABLES = NO;
				RUNTIME_EXCEPTION_ALLOW_JIT = NO;
				RUNTIME_EXCEPTION_ALLOW_UNSIGNED_EXECUTABLE_MEMORY = NO;
				RUNTIME_EXCEPTION_DEBUGGING_TOOL = NO;
				RUNTIME_EXCEPTION_DISABLE_EXECUTABLE_PAGE_PROTECTION = NO;
				RUNTIME_EXCEPTION_DISABLE_LIBRARY_VALIDATION = NO;
				SDKROOT = auto;
				STRING_CATALOG_GENERATE_SYMBOLS = YES;
				SUPPORTED_PLATFORMS = "iphoneos iphonesimulator macosx xros xrsimulator";
				SWIFT_APPROACHABLE_CONCURRENCY = YES;
				SWIFT_DEFAULT_ACTOR_ISOLATION = MainActor;
				SWIFT_EMIT_LOC_STRINGS = YES;
				SWIFT_UPCOMING_FEATURE_MEMBER_IMPORT_VISIBILITY = YES;
				SWIFT_VERSION = 5.0;
				TARGETED_DEVICE_FAMILY = "1,2,7";
				XROS_DEPLOYMENT_TARGET = 2.6;
			};
			name = Debug;
		};
		FFD22CE52E51072400071915 /* Release */ = {
			isa = XCBuildConfiguration;
			buildSettings = {
				ASSETCATALOG_COMPILER_APPICON_NAME = AppIcon;
				ASSETCATALOG_COMPILER_GLOBAL_ACCENT_COLOR_NAME = AccentColor;
				AUTOMATION_APPLE_EVENTS = NO;
				CODE_SIGN_ENTITLEMENTS = PicPerfect/PicPerfect.entitlements;
				CODE_SIGN_STYLE = Automatic;
				CURRENT_PROJECT_VERSION = 1;
				DEVELOPMENT_TEAM = CRM5WB54PG;
				ENABLE_APP_SANDBOX = YES;
				ENABLE_HARDENED_RUNTIME = YES;
				ENABLE_PREVIEWS = YES;
				ENABLE_RESOURCE_ACCESS_AUDIO_INPUT = NO;
				ENABLE_RESOURCE_ACCESS_CALENDARS = NO;
				ENABLE_RESOURCE_ACCESS_CAMERA = NO;
				ENABLE_RESOURCE_ACCESS_CONTACTS = NO;
				ENABLE_RESOURCE_ACCESS_LOCATION = NO;
				ENABLE_RESOURCE_ACCESS_PHOTO_LIBRARY = YES;
				ENABLE_USER_SELECTED_FILES = readonly;
				GENERATE_INFOPLIST_FILE = YES;
				INFOPLIST_KEY_NSPhotoLibraryAddUsageDescription = "We need permission to save corrected images to your library.";
				INFOPLIST_KEY_NSPhotoLibraryUsageDescription = "We need access to your photo library to scan and fix rotated images.";
				"INFOPLIST_KEY_UIApplicationSceneManifest_Generation[sdk=iphoneos*]" = YES;
				"INFOPLIST_KEY_UIApplicationSceneManifest_Generation[sdk=iphonesimulator*]" = YES;
				"INFOPLIST_KEY_UIApplicationSupportsIndirectInputEvents[sdk=iphoneos*]" = YES;
				"INFOPLIST_KEY_UIApplicationSupportsIndirectInputEvents[sdk=iphonesimulator*]" = YES;
				"INFOPLIST_KEY_UILaunchScreen_Generation[sdk=iphoneos*]" = YES;
				"INFOPLIST_KEY_UILaunchScreen_Generation[sdk=iphonesimulator*]" = YES;
				"INFOPLIST_KEY_UIStatusBarStyle[sdk=iphoneos*]" = UIStatusBarStyleDefault;
				"INFOPLIST_KEY_UIStatusBarStyle[sdk=iphonesimulator*]" = UIStatusBarStyleDefault;
				INFOPLIST_KEY_UISupportedInterfaceOrientations_iPad = "UIInterfaceOrientationPortrait UIInterfaceOrientationPortraitUpsideDown UIInterfaceOrientationLandscapeLeft UIInterfaceOrientationLandscapeRight";
				INFOPLIST_KEY_UISupportedInterfaceOrientations_iPhone = "UIInterfaceOrientationPortrait UIInterfaceOrientationLandscapeLeft UIInterfaceOrientationLandscapeRight";
				IPHONEOS_DEPLOYMENT_TARGET = 17.6;
				LD_RUNPATH_SEARCH_PATHS = "@executable_path/Frameworks";
				"LD_RUNPATH_SEARCH_PATHS[sdk=macosx*]" = "@executable_path/../Frameworks";
				MACOSX_DEPLOYMENT_TARGET = 15.6;
				MARKETING_VERSION = 1.0;
				PRODUCT_BUNDLE_IDENTIFIER = net.artexcomputer.PicPerfect;
				PRODUCT_NAME = "$(TARGET_NAME)";
				REGISTER_APP_GROUPS = YES;
				RUNTIME_EXCEPTION_ALLOW_DYLD_ENVIRONMENT_VARIABLES = NO;
				RUNTIME_EXCEPTION_ALLOW_JIT = NO;
				RUNTIME_EXCEPTION_ALLOW_UNSIGNED_EXECUTABLE_MEMORY = NO;
				RUNTIME_EXCEPTION_DEBUGGING_TOOL = NO;
				RUNTIME_EXCEPTION_DISABLE_EXECUTABLE_PAGE_PROTECTION = NO;
				RUNTIME_EXCEPTION_DISABLE_LIBRARY_VALIDATION = NO;
				SDKROOT = auto;
				STRING_CATALOG_GENERATE_SYMBOLS = YES;
				SUPPORTED_PLATFORMS = "iphoneos iphonesimulator macosx xros xrsimulator";
				SWIFT_APPROACHABLE_CONCURRENCY = YES;
				SWIFT_DEFAULT_ACTOR_ISOLATION = MainActor;
				SWIFT_EMIT_LOC_STRINGS = YES;
				SWIFT_UPCOMING_FEATURE_MEMBER_IMPORT_VISIBILITY = YES;
				SWIFT_VERSION = 5.0;
				TARGETED_DEVICE_FAMILY = "1,2,7";
				XROS_DEPLOYMENT_TARGET = 2.6;
			};
			name = Release;
		};
/* End XCBuildConfiguration section */

/* Begin XCConfigurationList section */
		FFD22CD32E51072300071915 /* Build configuration list for PBXProject "PicPerfect" */ = {
			isa = XCConfigurationList;
			buildConfigurations = (
				FFD22CE12E51072400071915 /* Debug */,
				FFD22CE22E51072400071915 /* Release */,
			);
			defaultConfigurationIsVisible = 0;
			defaultConfigurationName = Release;
		};
		FFD22CE32E51072400071915 /* Build configuration list for PBXNativeTarget "PicPerfect" */ = {
			isa = XCConfigurationList;
			buildConfigurations = (
				FFD22CE42E51072400071915 /* Debug */,
				FFD22CE52E51072400071915 /* Release */,
			);
			defaultConfigurationIsVisible = 0;
			defaultConfigurationName = Release;
		};
/* End XCConfigurationList section */
	};
	rootObject = FFD22CD02E51072300071915 /* Project object */;
}
